	
Microsoft Visual Studio Solution File, Format Version 12.00
Project("{FAE04EC0-301F-11D3-BF4B-00C04F79EFBC}") = "N67.EduCourse.Api", "N67.EduCourse.Api\N67.EduCourse.Api.csproj", "{08901541-6304-4975-99A5-824757F94A80}"
EndProject
Project("{FAE04EC0-301F-11D3-BF4B-00C04F79EFBC}") = "N67.EduCourse.Application", "N67.EduCourse.Application\N67.EduCourse.Application.csproj", "{DB829474-EAFC-4550-A9D5-30498A4E8FCC}"
EndProject
Project("{FAE04EC0-301F-11D3-BF4B-00C04F79EFBC}") = "N67.EduCourse.Domin", "N67.EduCourse.Domin\N67.EduCourse.Domin.csproj", "{839693D5-C059-47DF-AA9E-B9BDBAA1A7C1}"
EndProject
Project("{FAE04EC0-301F-11D3-BF4B-00C04F79EFBC}") = "N67.EduCourse.Persistance", "N67.EduCourse.Persistance\N67.EduCourse.Persistance.csproj", "{FD89B73E-139F-4E59-97E3-D5F4BD5FBD7A}"
EndProject
Project("{FAE04EC0-301F-11D3-BF4B-00C04F79EFBC}") = "N67.EduCourse.Infrastructure", "N67.EduCourse.Infrastructure\N67.EduCourse.Infrastructure.csproj", "{86075EF5-AA12-4178-A49A-679A5507458E}"
EndProject
Project("{2150E333-8FDC-42A3-9474-1A3956D46DE8}") = "N67", "N67", "{82B7B396-4D5D-4AE3-8284-20B022A11E58}"
EndProject
Project("{2150E333-8FDC-42A3-9474-1A3956D46DE8}") = "N72", "N72", "{3EA2269B-862B-46CD-B1F3-C15ABE7E947D}"
EndProject
Project("{2150E333-8FDC-42A3-9474-1A3956D46DE8}") = "N70", "N70", "{DF8AABBF-E4C0-44ED-A792-5F1434976FFC}"
EndProject
Project("{FAE04EC0-301F-11D3-BF4B-00C04F79EFBC}") = "N70.Identity.Api", "N70.Identity.Api\N70.Identity.Api.csproj", "{D0AF11D2-49D8-4AED-B055-63B1939A4312}"
EndProject
Project("{FAE04EC0-301F-11D3-BF4B-00C04F79EFBC}") = "N70.Identity.Application", "N70.Identity.Application\N70.Identity.Application.csproj", "{C44A0791-A1DF-496B-8A50-2212884BC3BD}"
EndProject
Project("{FAE04EC0-301F-11D3-BF4B-00C04F79EFBC}") = "N70.Identity.Domin", "N70.Identity.Domin\N70.Identity.Domin.csproj", "{754FB98B-AFD1-46D4-BFE7-7FA231AE9D61}"
EndProject
Project("{FAE04EC0-301F-11D3-BF4B-00C04F79EFBC}") = "N70.Identity.Infrastructure", "N70.Identity.Infrastructure\N70.Identity.Infrastructure.csproj", "{32D78D34-DB3D-4EFD-A542-08B9560358B9}"
EndProject
Project("{FAE04EC0-301F-11D3-BF4B-00C04F79EFBC}") = "N70.Identity.Persistace", "N70.Identity.Persistace\N70.Identity.Persistace.csproj", "{C8C70D13-679F-4328-AD87-3D7603866430}"
EndProject
Project("{2150E333-8FDC-42A3-9474-1A3956D46DE8}") = "N73", "N73", "{ECA4DCE0-8BCB-4FE7-8172-8E1295667040}"
EndProject
Project("{FAE04EC0-301F-11D3-BF4B-00C04F79EFBC}") = "N73.Notifications.Api", "N73.Notifications.Api\N73.Notifications.Api.csproj", "{DDBA43A3-1F10-4526-9852-87CF9088A7B3}"
EndProject
Project("{FAE04EC0-301F-11D3-BF4B-00C04F79EFBC}") = "N73.Notifications.Application", "N73.Notifications.Application\N73.Notifications.Application.csproj", "{151E2D5B-AE53-4FE9-8D96-800B31E5098E}"
EndProject
Project("{FAE04EC0-301F-11D3-BF4B-00C04F79EFBC}") = "N73.Notifications.Domain", "N73.Notifications.Domain\N73.Notifications.Domain.csproj", "{98C578D6-E2BB-4D7E-94C7-F3F7D6C18024}"
EndProject
Project("{FAE04EC0-301F-11D3-BF4B-00C04F79EFBC}") = "N73.Notifications.Infrastructure", "N73.Notifications.Infrastructure\N73.Notifications.Infrastructure.csproj", "{A824ADDC-282F-462D-B9CE-1CE89AA26A8D}"
EndProject
Project("{FAE04EC0-301F-11D3-BF4B-00C04F79EFBC}") = "N73.Notifications.Persistance", "N73.Notifications.Persistance\N73.Notifications.Persistance.csproj", "{1E069E22-7845-42E0-8EA6-53651BEFBD47}"
EndProject
Project("{2150E333-8FDC-42A3-9474-1A3956D46DE8}") = "N74", "N74", "{49DAE4A4-933F-4601-987B-2B5F172CFE2C}"
EndProject
Project("{FAE04EC0-301F-11D3-BF4B-00C04F79EFBC}") = "BackGraundService", "BackGraundService\BackGraundService.csproj", "{C4213941-CB0F-41FC-A4F4-4F0C13204FF1}"
EndProject

Global
	GlobalSection(SolutionConfigurationPlatforms) = preSolution
		Debug|Any CPU = Debug|Any CPU
		Release|Any CPU = Release|Any CPU
	EndGlobalSection
	GlobalSection(ProjectConfigurationPlatforms) = postSolution
		{08901541-6304-4975-99A5-824757F94A80}.Debug|Any CPU.ActiveCfg = Debug|Any CPU
		{08901541-6304-4975-99A5-824757F94A80}.Debug|Any CPU.Build.0 = Debug|Any CPU
		{08901541-6304-4975-99A5-824757F94A80}.Release|Any CPU.ActiveCfg = Release|Any CPU
		{08901541-6304-4975-99A5-824757F94A80}.Release|Any CPU.Build.0 = Release|Any CPU
		{DB829474-EAFC-4550-A9D5-30498A4E8FCC}.Debug|Any CPU.ActiveCfg = Debug|Any CPU
		{DB829474-EAFC-4550-A9D5-30498A4E8FCC}.Debug|Any CPU.Build.0 = Debug|Any CPU
		{DB829474-EAFC-4550-A9D5-30498A4E8FCC}.Release|Any CPU.ActiveCfg = Release|Any CPU
		{DB829474-EAFC-4550-A9D5-30498A4E8FCC}.Release|Any CPU.Build.0 = Release|Any CPU
		{839693D5-C059-47DF-AA9E-B9BDBAA1A7C1}.Debug|Any CPU.ActiveCfg = Debug|Any CPU
		{839693D5-C059-47DF-AA9E-B9BDBAA1A7C1}.Debug|Any CPU.Build.0 = Debug|Any CPU
		{839693D5-C059-47DF-AA9E-B9BDBAA1A7C1}.Release|Any CPU.ActiveCfg = Release|Any CPU
		{839693D5-C059-47DF-AA9E-B9BDBAA1A7C1}.Release|Any CPU.Build.0 = Release|Any CPU
		{FD89B73E-139F-4E59-97E3-D5F4BD5FBD7A}.Debug|Any CPU.ActiveCfg = Debug|Any CPU
		{FD89B73E-139F-4E59-97E3-D5F4BD5FBD7A}.Debug|Any CPU.Build.0 = Debug|Any CPU
		{FD89B73E-139F-4E59-97E3-D5F4BD5FBD7A}.Release|Any CPU.ActiveCfg = Release|Any CPU
		{FD89B73E-139F-4E59-97E3-D5F4BD5FBD7A}.Release|Any CPU.Build.0 = Release|Any CPU
		{86075EF5-AA12-4178-A49A-679A5507458E}.Debug|Any CPU.ActiveCfg = Debug|Any CPU
		{86075EF5-AA12-4178-A49A-679A5507458E}.Debug|Any CPU.Build.0 = Debug|Any CPU
		{86075EF5-AA12-4178-A49A-679A5507458E}.Release|Any CPU.ActiveCfg = Release|Any CPU
		{86075EF5-AA12-4178-A49A-679A5507458E}.Release|Any CPU.Build.0 = Release|Any CPU
		{D0AF11D2-49D8-4AED-B055-63B1939A4312}.Debug|Any CPU.ActiveCfg = Debug|Any CPU
		{D0AF11D2-49D8-4AED-B055-63B1939A4312}.Debug|Any CPU.Build.0 = Debug|Any CPU
		{D0AF11D2-49D8-4AED-B055-63B1939A4312}.Release|Any CPU.ActiveCfg = Release|Any CPU
		{D0AF11D2-49D8-4AED-B055-63B1939A4312}.Release|Any CPU.Build.0 = Release|Any CPU
		{C44A0791-A1DF-496B-8A50-2212884BC3BD}.Debug|Any CPU.ActiveCfg = Debug|Any CPU
		{C44A0791-A1DF-496B-8A50-2212884BC3BD}.Debug|Any CPU.Build.0 = Debug|Any CPU
		{C44A0791-A1DF-496B-8A50-2212884BC3BD}.Release|Any CPU.ActiveCfg = Release|Any CPU
		{C44A0791-A1DF-496B-8A50-2212884BC3BD}.Release|Any CPU.Build.0 = Release|Any CPU
		{754FB98B-AFD1-46D4-BFE7-7FA231AE9D61}.Debug|Any CPU.ActiveCfg = Debug|Any CPU
		{754FB98B-AFD1-46D4-BFE7-7FA231AE9D61}.Debug|Any CPU.Build.0 = Debug|Any CPU
		{754FB98B-AFD1-46D4-BFE7-7FA231AE9D61}.Release|Any CPU.ActiveCfg = Release|Any CPU
		{754FB98B-AFD1-46D4-BFE7-7FA231AE9D61}.Release|Any CPU.Build.0 = Release|Any CPU
		{32D78D34-DB3D-4EFD-A542-08B9560358B9}.Debug|Any CPU.ActiveCfg = Debug|Any CPU
		{32D78D34-DB3D-4EFD-A542-08B9560358B9}.Debug|Any CPU.Build.0 = Debug|Any CPU
		{32D78D34-DB3D-4EFD-A542-08B9560358B9}.Release|Any CPU.ActiveCfg = Release|Any CPU
		{32D78D34-DB3D-4EFD-A542-08B9560358B9}.Release|Any CPU.Build.0 = Release|Any CPU
		{C8C70D13-679F-4328-AD87-3D7603866430}.Debug|Any CPU.ActiveCfg = Debug|Any CPU
		{C8C70D13-679F-4328-AD87-3D7603866430}.Debug|Any CPU.Build.0 = Debug|Any CPU
		{C8C70D13-679F-4328-AD87-3D7603866430}.Release|Any CPU.ActiveCfg = Release|Any CPU
		{C8C70D13-679F-4328-AD87-3D7603866430}.Release|Any CPU.Build.0 = Release|Any CPU
		{DDBA43A3-1F10-4526-9852-87CF9088A7B3}.Debug|Any CPU.ActiveCfg = Debug|Any CPU
		{DDBA43A3-1F10-4526-9852-87CF9088A7B3}.Debug|Any CPU.Build.0 = Debug|Any CPU
		{DDBA43A3-1F10-4526-9852-87CF9088A7B3}.Release|Any CPU.ActiveCfg = Release|Any CPU
		{DDBA43A3-1F10-4526-9852-87CF9088A7B3}.Release|Any CPU.Build.0 = Release|Any CPU
		{151E2D5B-AE53-4FE9-8D96-800B31E5098E}.Debug|Any CPU.ActiveCfg = Debug|Any CPU
		{151E2D5B-AE53-4FE9-8D96-800B31E5098E}.Debug|Any CPU.Build.0 = Debug|Any CPU
		{151E2D5B-AE53-4FE9-8D96-800B31E5098E}.Release|Any CPU.ActiveCfg = Release|Any CPU
		{151E2D5B-AE53-4FE9-8D96-800B31E5098E}.Release|Any CPU.Build.0 = Release|Any CPU
		{98C578D6-E2BB-4D7E-94C7-F3F7D6C18024}.Debug|Any CPU.ActiveCfg = Debug|Any CPU
		{98C578D6-E2BB-4D7E-94C7-F3F7D6C18024}.Debug|Any CPU.Build.0 = Debug|Any CPU
		{98C578D6-E2BB-4D7E-94C7-F3F7D6C18024}.Release|Any CPU.ActiveCfg = Release|Any CPU
		{98C578D6-E2BB-4D7E-94C7-F3F7D6C18024}.Release|Any CPU.Build.0 = Release|Any CPU
		{A824ADDC-282F-462D-B9CE-1CE89AA26A8D}.Debug|Any CPU.ActiveCfg = Debug|Any CPU
		{A824ADDC-282F-462D-B9CE-1CE89AA26A8D}.Debug|Any CPU.Build.0 = Debug|Any CPU
		{A824ADDC-282F-462D-B9CE-1CE89AA26A8D}.Release|Any CPU.ActiveCfg = Release|Any CPU
		{A824ADDC-282F-462D-B9CE-1CE89AA26A8D}.Release|Any CPU.Build.0 = Release|Any CPU
		{1E069E22-7845-42E0-8EA6-53651BEFBD47}.Debug|Any CPU.ActiveCfg = Debug|Any CPU
		{1E069E22-7845-42E0-8EA6-53651BEFBD47}.Debug|Any CPU.Build.0 = Debug|Any CPU
		{1E069E22-7845-42E0-8EA6-53651BEFBD47}.Release|Any CPU.ActiveCfg = Release|Any CPU
		{1E069E22-7845-42E0-8EA6-53651BEFBD47}.Release|Any CPU.Build.0 = Release|Any CPU
		{C4213941-CB0F-41FC-A4F4-4F0C13204FF1}.Debug|Any CPU.ActiveCfg = Debug|Any CPU
		{C4213941-CB0F-41FC-A4F4-4F0C13204FF1}.Debug|Any CPU.Build.0 = Debug|Any CPU
		{C4213941-CB0F-41FC-A4F4-4F0C13204FF1}.Release|Any CPU.ActiveCfg = Release|Any CPU
		{C4213941-CB0F-41FC-A4F4-4F0C13204FF1}.Release|Any CPU.Build.0 = Release|Any CPU
	EndGlobalSection
	GlobalSection(NestedProjects) = preSolution
		{08901541-6304-4975-99A5-824757F94A80} = {82B7B396-4D5D-4AE3-8284-20B022A11E58}
		{DB829474-EAFC-4550-A9D5-30498A4E8FCC} = {82B7B396-4D5D-4AE3-8284-20B022A11E58}
		{839693D5-C059-47DF-AA9E-B9BDBAA1A7C1} = {82B7B396-4D5D-4AE3-8284-20B022A11E58}
		{86075EF5-AA12-4178-A49A-679A5507458E} = {82B7B396-4D5D-4AE3-8284-20B022A11E58}
		{FD89B73E-139F-4E59-97E3-D5F4BD5FBD7A} = {82B7B396-4D5D-4AE3-8284-20B022A11E58}
		{D0AF11D2-49D8-4AED-B055-63B1939A4312} = {DF8AABBF-E4C0-44ED-A792-5F1434976FFC}
		{C44A0791-A1DF-496B-8A50-2212884BC3BD} = {DF8AABBF-E4C0-44ED-A792-5F1434976FFC}
		{754FB98B-AFD1-46D4-BFE7-7FA231AE9D61} = {DF8AABBF-E4C0-44ED-A792-5F1434976FFC}
		{32D78D34-DB3D-4EFD-A542-08B9560358B9} = {DF8AABBF-E4C0-44ED-A792-5F1434976FFC}
		{C8C70D13-679F-4328-AD87-3D7603866430} = {DF8AABBF-E4C0-44ED-A792-5F1434976FFC}
		{DDBA43A3-1F10-4526-9852-87CF9088A7B3} = {ECA4DCE0-8BCB-4FE7-8172-8E1295667040}
		{151E2D5B-AE53-4FE9-8D96-800B31E5098E} = {ECA4DCE0-8BCB-4FE7-8172-8E1295667040}
		{98C578D6-E2BB-4D7E-94C7-F3F7D6C18024} = {ECA4DCE0-8BCB-4FE7-8172-8E1295667040}
		{A824ADDC-282F-462D-B9CE-1CE89AA26A8D} = {ECA4DCE0-8BCB-4FE7-8172-8E1295667040}
		{1E069E22-7845-42E0-8EA6-53651BEFBD47} = {ECA4DCE0-8BCB-4FE7-8172-8E1295667040}
		{C4213941-CB0F-41FC-A4F4-4F0C13204FF1} = {49DAE4A4-933F-4601-987B-2B5F172CFE2C}
	EndGlobalSection
EndGlobal
