
Microsoft Visual Studio Solution File, Format Version 12.00
Project("{FAE04EC0-301F-11D3-BF4B-00C04F79EFBC}") = "N67.EduCourse.Api", "N67.EduCourse.Api\N67.EduCourse.Api.csproj", "{DFF09550-BD0C-4143-BB35-3F629FDC30BF}"
EndProject
Project("{2150E333-8FDC-42A3-9474-1A3956D46DE8}") = "N67", "N67", "{0DA23DFE-7D78-4475-B272-621D28C18063}"
EndProject
Project("{FAE04EC0-301F-11D3-BF4B-00C04F79EFBC}") = "N67.EduCourse.Application", "N67.EduCourse.Application\N67.EduCourse.Application.csproj", "{7A4C37A4-920A-428D-9167-83B8D5416C1A}"
EndProject
Project("{FAE04EC0-301F-11D3-BF4B-00C04F79EFBC}") = "N67.EduCourse.Domin", "N67.EduCourse.Domin\N67.EduCourse.Domin.csproj", "{5D70BF33-F28C-4CA6-A223-77EF2C7C2690}"
EndProject
Project("{FAE04EC0-301F-11D3-BF4B-00C04F79EFBC}") = "N67.EduCourse.Infrastructure", "N67.EduCourse.Infrastructure\N67.EduCourse.Infrastructure.csproj", "{35DEE6E3-1C55-4AD0-A5BA-9D2AF4FDD4CF}"
EndProject
Project("{FAE04EC0-301F-11D3-BF4B-00C04F79EFBC}") = "N67.EduCourse.Persistance", "N67.EduCourse.Persistance\N67.EduCourse.Persistance.csproj", "{A40E39E8-43C8-40E8-92D4-3CEDF88877B4}"
EndProject
Global
	GlobalSection(SolutionConfigurationPlatforms) = preSolution
		Debug|Any CPU = Debug|Any CPU
		Release|Any CPU = Release|Any CPU
	EndGlobalSection
	GlobalSection(ProjectConfigurationPlatforms) = postSolution
		{DFF09550-BD0C-4143-BB35-3F629FDC30BF}.Debug|Any CPU.ActiveCfg = Debug|Any CPU
		{DFF09550-BD0C-4143-BB35-3F629FDC30BF}.Debug|Any CPU.Build.0 = Debug|Any CPU
		{DFF09550-BD0C-4143-BB35-3F629FDC30BF}.Release|Any CPU.ActiveCfg = Release|Any CPU
		{DFF09550-BD0C-4143-BB35-3F629FDC30BF}.Release|Any CPU.Build.0 = Release|Any CPU
		{7A4C37A4-920A-428D-9167-83B8D5416C1A}.Debug|Any CPU.ActiveCfg = Debug|Any CPU
		{7A4C37A4-920A-428D-9167-83B8D5416C1A}.Debug|Any CPU.Build.0 = Debug|Any CPU
		{7A4C37A4-920A-428D-9167-83B8D5416C1A}.Release|Any CPU.ActiveCfg = Release|Any CPU
		{7A4C37A4-920A-428D-9167-83B8D5416C1A}.Release|Any CPU.Build.0 = Release|Any CPU
		{5D70BF33-F28C-4CA6-A223-77EF2C7C2690}.Debug|Any CPU.ActiveCfg = Debug|Any CPU
		{5D70BF33-F28C-4CA6-A223-77EF2C7C2690}.Debug|Any CPU.Build.0 = Debug|Any CPU
		{5D70BF33-F28C-4CA6-A223-77EF2C7C2690}.Release|Any CPU.ActiveCfg = Release|Any CPU
		{5D70BF33-F28C-4CA6-A223-77EF2C7C2690}.Release|Any CPU.Build.0 = Release|Any CPU
		{35DEE6E3-1C55-4AD0-A5BA-9D2AF4FDD4CF}.Debug|Any CPU.ActiveCfg = Debug|Any CPU
		{35DEE6E3-1C55-4AD0-A5BA-9D2AF4FDD4CF}.Debug|Any CPU.Build.0 = Debug|Any CPU
		{35DEE6E3-1C55-4AD0-A5BA-9D2AF4FDD4CF}.Release|Any CPU.ActiveCfg = Release|Any CPU
		{35DEE6E3-1C55-4AD0-A5BA-9D2AF4FDD4CF}.Release|Any CPU.Build.0 = Release|Any CPU
		{A40E39E8-43C8-40E8-92D4-3CEDF88877B4}.Debug|Any CPU.ActiveCfg = Debug|Any CPU
		{A40E39E8-43C8-40E8-92D4-3CEDF88877B4}.Debug|Any CPU.Build.0 = Debug|Any CPU
		{A40E39E8-43C8-40E8-92D4-3CEDF88877B4}.Release|Any CPU.ActiveCfg = Release|Any CPU
		{A40E39E8-43C8-40E8-92D4-3CEDF88877B4}.Release|Any CPU.Build.0 = Release|Any CPU
	EndGlobalSection
	GlobalSection(NestedProjects) = preSolution
		{DFF09550-BD0C-4143-BB35-3F629FDC30BF} = {0DA23DFE-7D78-4475-B272-621D28C18063}
		{7A4C37A4-920A-428D-9167-83B8D5416C1A} = {0DA23DFE-7D78-4475-B272-621D28C18063}
		{5D70BF33-F28C-4CA6-A223-77EF2C7C2690} = {0DA23DFE-7D78-4475-B272-621D28C18063}
		{35DEE6E3-1C55-4AD0-A5BA-9D2AF4FDD4CF} = {0DA23DFE-7D78-4475-B272-621D28C18063}
		{A40E39E8-43C8-40E8-92D4-3CEDF88877B4} = {0DA23DFE-7D78-4475-B272-621D28C18063}
	EndGlobalSection
EndGlobal
